
Microsoft Visual Studio Solution File, Format Version 12.00
# Visual Studio Version 17
VisualStudioVersion = 17.10.34707.107
MinimumVisualStudioVersion = 10.0.40219.1
Project("{FAE04EC0-301F-11D3-BF4B-00C04F79EFBC}") = "sellvpn", "sellvpn\sellvpn.csproj", "{FCB302D3-F013-4A51-AE91-FADEAA31126A}"
EndProject
Global
	GlobalSection(SolutionConfigurationPlatforms) = preSolution
		Debug|Any CPU = Debug|Any CPU
		Release|Any CPU = Release|Any CPU
	EndGlobalSection
	GlobalSection(ProjectConfigurationPlatforms) = postSolution
		{FCB302D3-F013-4A51-AE91-FADEAA31126A}.Debug|Any CPU.ActiveCfg = Debug|Any CPU
		{FCB302D3-F013-4A51-AE91-FADEAA31126A}.Debug|Any CPU.Build.0 = Debug|Any CPU
		{FCB302D3-F013-4A51-AE91-FADEAA31126A}.Release|Any CPU.ActiveCfg = Release|Any CPU
		{FCB302D3-F013-4A51-AE91-FADEAA31126A}.Release|Any CPU.Build.0 = Release|Any CPU
	EndGlobalSection
	GlobalSection(SolutionProperties) = preSolution
		HideSolutionNode = FALSE
	EndGlobalSection
	GlobalSection(ExtensibilityGlobals) = postSolution
		SolutionGuid = {1F7C4E1B-D419-4427-9068-72ECEE2F05BB}
	EndGlobalSection
EndGlobal
